
Microsoft Visual Studio Solution File, Format Version 12.00
# Visual Studio Version 17
VisualStudioVersion = 17.4.33103.184
MinimumVisualStudioVersion = 10.0.40219.1
Project("{FAE04EC0-301F-11D3-BF4B-00C04F79EFBC}") = "EventBookerBack", "EventBookerBack.csproj", "{925788E9-0B9B-4C79-83A5-B72B667C4344}"
EndProject
Global
	GlobalSection(SolutionConfigurationPlatforms) = preSolution
		Debug|Any CPU = Debug|Any CPU
		Release|Any CPU = Release|Any CPU
	EndGlobalSection
	GlobalSection(ProjectConfigurationPlatforms) = postSolution
		{925788E9-0B9B-4C79-83A5-B72B667C4344}.Debug|Any CPU.ActiveCfg = Debug|Any CPU
		{925788E9-0B9B-4C79-83A5-B72B667C4344}.Debug|Any CPU.Build.0 = Debug|Any CPU
		{925788E9-0B9B-4C79-83A5-B72B667C4344}.Release|Any CPU.ActiveCfg = Release|Any CPU
		{925788E9-0B9B-4C79-83A5-B72B667C4344}.Release|Any CPU.Build.0 = Release|Any CPU
	EndGlobalSection
	GlobalSection(SolutionProperties) = preSolution
		HideSolutionNode = FALSE
	EndGlobalSection
	GlobalSection(ExtensibilityGlobals) = postSolution
		SolutionGuid = {D6971736-FE83-4D33-BEC7-513C7C92D1D0}
	EndGlobalSection
EndGlobal
